
Microsoft Visual Studio Solution File, Format Version 12.00
# Visual Studio Version 16
VisualStudioVersion = 16.0.28803.352
MinimumVisualStudioVersion = 10.0.40219.1
Project("{9A19103F-16F7-4668-BE54-9A1E7A4F7556}") = "dotnet", "dotnet.csproj", "{9B8C50AD-DBEE-46E5-9DD1-F80AD0E1CB3B}"
EndProject
Project("{FAE04EC0-301F-11D3-BF4B-00C04F79EFBC}") = "StarWars", "..\Starwars\StarWars.csproj", "{13ED8C99-F026-4759-9BFB-FB9E8FB7AE6B}"
EndProject
Global
	GlobalSection(SolutionConfigurationPlatforms) = preSolution
		Debug|Any CPU = Debug|Any CPU
		Release|Any CPU = Release|Any CPU
	EndGlobalSection
	GlobalSection(ProjectConfigurationPlatforms) = postSolution
		{9B8C50AD-DBEE-46E5-9DD1-F80AD0E1CB3B}.Debug|Any CPU.ActiveCfg = Debug|Any CPU
		{9B8C50AD-DBEE-46E5-9DD1-F80AD0E1CB3B}.Debug|Any CPU.Build.0 = Debug|Any CPU
		{9B8C50AD-DBEE-46E5-9DD1-F80AD0E1CB3B}.Release|Any CPU.ActiveCfg = Release|Any CPU
		{9B8C50AD-DBEE-46E5-9DD1-F80AD0E1CB3B}.Release|Any CPU.Build.0 = Release|Any CPU
		{13ED8C99-F026-4759-9BFB-FB9E8FB7AE6B}.Debug|Any CPU.ActiveCfg = Debug|Any CPU
		{13ED8C99-F026-4759-9BFB-FB9E8FB7AE6B}.Debug|Any CPU.Build.0 = Debug|Any CPU
		{13ED8C99-F026-4759-9BFB-FB9E8FB7AE6B}.Release|Any CPU.ActiveCfg = Release|Any CPU
		{13ED8C99-F026-4759-9BFB-FB9E8FB7AE6B}.Release|Any CPU.Build.0 = Release|Any CPU
	EndGlobalSection
	GlobalSection(SolutionProperties) = preSolution
		HideSolutionNode = FALSE
	EndGlobalSection
	GlobalSection(ExtensibilityGlobals) = postSolution
		SolutionGuid = {4BE70E89-1624-4134-9422-4370E15827FC}
	EndGlobalSection
EndGlobal
